Microsoft Visual Studio Solution File, Format Version 11.00
# Visual Studio 2008

Project("{F5721A73-35A3-71FB-078C-78C3681D7CF3}") = "UIDesign - Copy - Copy", "Assembly-CSharp.csproj", "{8A404EA9-58FB-FD74-055C-C40AC18BF7B1}"
EndProject
Global
	GlobalSection(SolutionConfigurationPlatforms) = preSolution
		Debug|Any CPU = Debug|Any CPU
		Release|Any CPU = Release|Any CPU
	EndGlobalSection
	GlobalSection(ProjectConfigurationPlatforms) = postSolution
		{8A404EA9-58FB-FD74-055C-C40AC18BF7B1}.Debug|Any CPU.ActiveCfg = Debug|Any CPU
		{8A404EA9-58FB-FD74-055C-C40AC18BF7B1}.Debug|Any CPU.Build.0 = Debug|Any CPU
		{8A404EA9-58FB-FD74-055C-C40AC18BF7B1}.Release|Any CPU.ActiveCfg = Release|Any CPU
		{8A404EA9-58FB-FD74-055C-C40AC18BF7B1}.Release|Any CPU.Build.0 = Release|Any CPU
	EndGlobalSection
	GlobalSection(SolutionProperties) = preSolution
		HideSolutionNode = FALSE
	EndGlobalSection
	GlobalSection(MonoDevelopProperties) = preSolution
		StartupItem = Assembly-CSharp.csproj
	EndGlobalSection
EndGlobal
