Microsoft Visual Studio Solution File, Format Version 11.00
# Visual Studio 2008

Project("{4CD8D5BE-B1F1-892D-626E-2F93CFFCECFF}") = "UIDesign", "Assembly-CSharp.csproj", "{95996E7A-6BB1-74A5-70A0-9007515FAF3A}"
EndProject
Global
	GlobalSection(SolutionConfigurationPlatforms) = preSolution
		Debug|Any CPU = Debug|Any CPU
		Release|Any CPU = Release|Any CPU
	EndGlobalSection
	GlobalSection(ProjectConfigurationPlatforms) = postSolution
		{95996E7A-6BB1-74A5-70A0-9007515FAF3A}.Debug|Any CPU.ActiveCfg = Debug|Any CPU
		{95996E7A-6BB1-74A5-70A0-9007515FAF3A}.Debug|Any CPU.Build.0 = Debug|Any CPU
		{95996E7A-6BB1-74A5-70A0-9007515FAF3A}.Release|Any CPU.ActiveCfg = Release|Any CPU
		{95996E7A-6BB1-74A5-70A0-9007515FAF3A}.Release|Any CPU.Build.0 = Release|Any CPU
	EndGlobalSection
	GlobalSection(SolutionProperties) = preSolution
		HideSolutionNode = FALSE
	EndGlobalSection
	GlobalSection(MonoDevelopProperties) = preSolution
		StartupItem = Assembly-CSharp.csproj
	EndGlobalSection
EndGlobal
