Microsoft Visual Studio Solution File, Format Version 11.00
# Visual Studio 2008

Project("{4A74BCEE-6181-F03C-3C3C-6E48D47C34EB}") = "Sliding Ball", "Assembly-CSharp.csproj", "{479EA4FF-7E69-B846-B4B2-0F7C44FAD3D7}"
EndProject
Global
	GlobalSection(SolutionConfigurationPlatforms) = preSolution
		Debug|Any CPU = Debug|Any CPU
		Release|Any CPU = Release|Any CPU
	EndGlobalSection
	GlobalSection(ProjectConfigurationPlatforms) = postSolution
		{479EA4FF-7E69-B846-B4B2-0F7C44FAD3D7}.Debug|Any CPU.ActiveCfg = Debug|Any CPU
		{479EA4FF-7E69-B846-B4B2-0F7C44FAD3D7}.Debug|Any CPU.Build.0 = Debug|Any CPU
		{479EA4FF-7E69-B846-B4B2-0F7C44FAD3D7}.Release|Any CPU.ActiveCfg = Release|Any CPU
		{479EA4FF-7E69-B846-B4B2-0F7C44FAD3D7}.Release|Any CPU.Build.0 = Release|Any CPU
	EndGlobalSection
	GlobalSection(SolutionProperties) = preSolution
		HideSolutionNode = FALSE
	EndGlobalSection
	GlobalSection(MonoDevelopProperties) = preSolution
		StartupItem = Assembly-CSharp.csproj
	EndGlobalSection
EndGlobal
