Microsoft Visual Studio Solution File, Format Version 11.00
# Visual Studio 2008

Project("{F058A918-47FC-E979-0D43-AA2D547C30BB}") = "FightWithDragon", "Assembly-CSharp.csproj", "{8B99DE8B-A3AC-1DAD-2CC3-A98BDA097E48}"
EndProject
Global
	GlobalSection(SolutionConfigurationPlatforms) = preSolution
		Debug|Any CPU = Debug|Any CPU
		Release|Any CPU = Release|Any CPU
	EndGlobalSection
	GlobalSection(ProjectConfigurationPlatforms) = postSolution
		{8B99DE8B-A3AC-1DAD-2CC3-A98BDA097E48}.Debug|Any CPU.ActiveCfg = Debug|Any CPU
		{8B99DE8B-A3AC-1DAD-2CC3-A98BDA097E48}.Debug|Any CPU.Build.0 = Debug|Any CPU
		{8B99DE8B-A3AC-1DAD-2CC3-A98BDA097E48}.Release|Any CPU.ActiveCfg = Release|Any CPU
		{8B99DE8B-A3AC-1DAD-2CC3-A98BDA097E48}.Release|Any CPU.Build.0 = Release|Any CPU
	EndGlobalSection
	GlobalSection(SolutionProperties) = preSolution
		HideSolutionNode = FALSE
	EndGlobalSection
	GlobalSection(MonoDevelopProperties) = preSolution
		StartupItem = Assembly-CSharp.csproj
	EndGlobalSection
EndGlobal
