Microsoft Visual Studio Solution File, Format Version 11.00
# Visual Studio 2008

Project("{D744D1F6-8AAF-C840-224F-E3003BA413F7}") = "SDLS tutorial", "Assembly-CSharp.csproj", "{821B7673-9870-F85A-654E-C01D2894F1B3}"
EndProject
Global
	GlobalSection(SolutionConfigurationPlatforms) = preSolution
		Debug|Any CPU = Debug|Any CPU
		Release|Any CPU = Release|Any CPU
	EndGlobalSection
	GlobalSection(ProjectConfigurationPlatforms) = postSolution
		{821B7673-9870-F85A-654E-C01D2894F1B3}.Debug|Any CPU.ActiveCfg = Debug|Any CPU
		{821B7673-9870-F85A-654E-C01D2894F1B3}.Debug|Any CPU.Build.0 = Debug|Any CPU
		{821B7673-9870-F85A-654E-C01D2894F1B3}.Release|Any CPU.ActiveCfg = Release|Any CPU
		{821B7673-9870-F85A-654E-C01D2894F1B3}.Release|Any CPU.Build.0 = Release|Any CPU
	EndGlobalSection
	GlobalSection(SolutionProperties) = preSolution
		HideSolutionNode = FALSE
	EndGlobalSection
	GlobalSection(MonoDevelopProperties) = preSolution
		StartupItem = Assembly-CSharp.csproj
	EndGlobalSection
EndGlobal
