Microsoft Visual Studio Solution File, Format Version 11.00
# Visual Studio 2008

Project("{C792F4A3-7306-50F2-7613-A625A0D2B9BC}") = "نتیجه اعمال", "Assembly-CSharp.csproj", "{FED02E2E-B63D-5DE2-8A4A-89691F05E111}"
EndProject
Global
	GlobalSection(SolutionConfigurationPlatforms) = preSolution
		Debug|Any CPU = Debug|Any CPU
		Release|Any CPU = Release|Any CPU
	EndGlobalSection
	GlobalSection(ProjectConfigurationPlatforms) = postSolution
		{FED02E2E-B63D-5DE2-8A4A-89691F05E111}.Debug|Any CPU.ActiveCfg = Debug|Any CPU
		{FED02E2E-B63D-5DE2-8A4A-89691F05E111}.Debug|Any CPU.Build.0 = Debug|Any CPU
		{FED02E2E-B63D-5DE2-8A4A-89691F05E111}.Release|Any CPU.ActiveCfg = Release|Any CPU
		{FED02E2E-B63D-5DE2-8A4A-89691F05E111}.Release|Any CPU.Build.0 = Release|Any CPU
	EndGlobalSection
	GlobalSection(SolutionProperties) = preSolution
		HideSolutionNode = FALSE
	EndGlobalSection
	GlobalSection(MonoDevelopProperties) = preSolution
		StartupItem = Assembly-CSharp.csproj
	EndGlobalSection
EndGlobal
