Microsoft Visual Studio Solution File, Format Version 11.00
# Visual Studio 2008

Project("{7F551F46-1B16-DC11-6F18-A47A7DF73178}") = "SJ", "Assembly-CSharp.csproj", "{D3C4FAD0-8CE6-9041-5B91-6B5031377907}"
EndProject
Global
	GlobalSection(SolutionConfigurationPlatforms) = preSolution
		Debug|Any CPU = Debug|Any CPU
		Release|Any CPU = Release|Any CPU
	EndGlobalSection
	GlobalSection(ProjectConfigurationPlatforms) = postSolution
		{D3C4FAD0-8CE6-9041-5B91-6B5031377907}.Debug|Any CPU.ActiveCfg = Debug|Any CPU
		{D3C4FAD0-8CE6-9041-5B91-6B5031377907}.Debug|Any CPU.Build.0 = Debug|Any CPU
		{D3C4FAD0-8CE6-9041-5B91-6B5031377907}.Release|Any CPU.ActiveCfg = Release|Any CPU
		{D3C4FAD0-8CE6-9041-5B91-6B5031377907}.Release|Any CPU.Build.0 = Release|Any CPU
	EndGlobalSection
	GlobalSection(SolutionProperties) = preSolution
		HideSolutionNode = FALSE
	EndGlobalSection
	GlobalSection(MonoDevelopProperties) = preSolution
		StartupItem = Assembly-CSharp.csproj
	EndGlobalSection
EndGlobal
