Microsoft Visual Studio Solution File, Format Version 11.00
# Visual Studio 2008

Project("{883A9CA5-D571-F7C4-B57B-720D7864387A}") = "Super Jet Original (SJ)", "Assembly-CSharp.csproj", "{4626F868-3D17-9275-8696-45E53AD8074C}"
EndProject
Global
	GlobalSection(SolutionConfigurationPlatforms) = preSolution
		Debug|Any CPU = Debug|Any CPU
		Release|Any CPU = Release|Any CPU
	EndGlobalSection
	GlobalSection(ProjectConfigurationPlatforms) = postSolution
		{4626F868-3D17-9275-8696-45E53AD8074C}.Debug|Any CPU.ActiveCfg = Debug|Any CPU
		{4626F868-3D17-9275-8696-45E53AD8074C}.Debug|Any CPU.Build.0 = Debug|Any CPU
		{4626F868-3D17-9275-8696-45E53AD8074C}.Release|Any CPU.ActiveCfg = Release|Any CPU
		{4626F868-3D17-9275-8696-45E53AD8074C}.Release|Any CPU.Build.0 = Release|Any CPU
	EndGlobalSection
	GlobalSection(SolutionProperties) = preSolution
		HideSolutionNode = FALSE
	EndGlobalSection
	GlobalSection(MonoDevelopProperties) = preSolution
		StartupItem = Assembly-CSharp.csproj
	EndGlobalSection
EndGlobal
