Microsoft Visual Studio Solution File, Format Version 11.00
# Visual Studio 2008

Project("{5B877109-419D-2D79-4EF0-FC1109641262}") = "Super Jet (SJ)", "Assembly-CSharp.csproj", "{0A3697A4-F1C0-6B17-27D9-161A1365245A}"
EndProject
Global
	GlobalSection(SolutionConfigurationPlatforms) = preSolution
		Debug|Any CPU = Debug|Any CPU
		Release|Any CPU = Release|Any CPU
	EndGlobalSection
	GlobalSection(ProjectConfigurationPlatforms) = postSolution
		{0A3697A4-F1C0-6B17-27D9-161A1365245A}.Debug|Any CPU.ActiveCfg = Debug|Any CPU
		{0A3697A4-F1C0-6B17-27D9-161A1365245A}.Debug|Any CPU.Build.0 = Debug|Any CPU
		{0A3697A4-F1C0-6B17-27D9-161A1365245A}.Release|Any CPU.ActiveCfg = Release|Any CPU
		{0A3697A4-F1C0-6B17-27D9-161A1365245A}.Release|Any CPU.Build.0 = Release|Any CPU
	EndGlobalSection
	GlobalSection(SolutionProperties) = preSolution
		HideSolutionNode = FALSE
	EndGlobalSection
	GlobalSection(MonoDevelopProperties) = preSolution
		StartupItem = Assembly-CSharp.csproj
	EndGlobalSection
EndGlobal
